// !$*UTF8*$!
{
	archiveVersion = 1;
	classes = {
	};
	objectVersion = 46;
	objects = {

/* Begin PBXBuildFile section */
		CAEAA6521D1604FF00F4ABA0 /* main.c in Sources */ = {isa = PBXBuildFile; fileRef = CAEAA6511D1604FF00F4ABA0 /* main.c */; };
		CAEAA65A1D16054200F4ABA0 /* vegas.c in Sources */ = {isa = PBXBuildFile; fileRef = CAEAA6591D16054200F4ABA0 /* vegas.c */; };
		CAEAA65D1D16DB9300F4ABA0 /* interface.i in Sources */ = {isa = PBXBuildFile; fileRef = CAEAA65C1D16DB9300F4ABA0 /* interface.i */; };
/* End PBXBuildFile section */

/* Begin PBXCopyFilesBuildPhase section */
		CAEAA64C1D1604FF00F4ABA0 /* CopyFiles */ = {
			isa = PBXCopyFilesBuildPhase;
			buildActionMask = 2147483647;
			dstPath = /usr/share/man/man1/;
			dstSubfolderSpec = 0;
			files = (
			);
			runOnlyForDeploymentPostprocessing = 1;
		};
/* End PBXCopyFilesBuildPhase section */

/* Begin PBXFileReference section */
		CAEAA64E1D1604FF00F4ABA0 /* vegas */ = {isa = PBXFileReference; explicitFileType = "compiled.mach-o.executable"; includeInIndex = 0; path = vegas; sourceTree = BUILT_PRODUCTS_DIR; };
		CAEAA6511D1604FF00F4ABA0 /* main.c */ = {isa = PBXFileReference; lastKnownFileType = sourcecode.c.c; path = main.c; sourceTree = "<group>"; };
		CAEAA6581D16052C00F4ABA0 /* vegas.h */ = {isa = PBXFileReference; fileEncoding = 4; lastKnownFileType = sourcecode.c.h; path = vegas.h; sourceTree = "<group>"; };
		CAEAA6591D16054200F4ABA0 /* vegas.c */ = {isa = PBXFileReference; fileEncoding = 4; lastKnownFileType = sourcecode.c.c; path = vegas.c; sourceTree = "<group>"; };
		CAEAA65B1D161CB900F4ABA0 /* matrix.h */ = {isa = PBXFileReference; lastKnownFileType = sourcecode.c.h; path = matrix.h; sourceTree = "<group>"; };
		CAEAA65C1D16DB9300F4ABA0 /* interface.i */ = {isa = PBXFileReference; fileEncoding = 4; lastKnownFileType = sourcecode.c.c.preprocessed; path = interface.i; sourceTree = "<group>"; };
/* End PBXFileReference section */

/* Begin PBXFrameworksBuildPhase section */
		CAEAA64B1D1604FF00F4ABA0 /* Frameworks */ = {
			isa = PBXFrameworksBuildPhase;
			buildActionMask = 2147483647;
			files = (
			);
			runOnlyForDeploymentPostprocessing = 0;
		};
/* End PBXFrameworksBuildPhase section */

/* Begin PBXGroup section */
		CAEAA6451D1604FF00F4ABA0 = {
			isa = PBXGroup;
			children = (
				CAEAA6501D1604FF00F4ABA0 /* vegas */,
				CAEAA64F1D1604FF00F4ABA0 /* Products */,
			);
			sourceTree = "<group>";
		};
		CAEAA64F1D1604FF00F4ABA0 /* Products */ = {
			isa = PBXGroup;
			children = (
				CAEAA64E1D1604FF00F4ABA0 /* vegas */,
			);
			name = Products;
			sourceTree = "<group>";
		};
		CAEAA6501D1604FF00F4ABA0 /* vegas */ = {
			isa = PBXGroup;
			children = (
				CAEAA6511D1604FF00F4ABA0 /* main.c */,
				CAEAA65C1D16DB9300F4ABA0 /* interface.i */,
				CAEAA6581D16052C00F4ABA0 /* vegas.h */,
				CAEAA6591D16054200F4ABA0 /* vegas.c */,
				CAEAA65B1D161CB900F4ABA0 /* matrix.h */,
			);
			path = vegas;
			sourceTree = "<group>";
		};
/* End PBXGroup section */

/* Begin PBXNativeTarget section */
		CAEAA64D1D1604FF00F4ABA0 /* vegas */ = {
			isa = PBXNativeTarget;
			buildConfigurationList = CAEAA6551D1604FF00F4ABA0 /* Build configuration list for PBXNativeTarget "vegas" */;
			buildPhases = (
				CAEAA64A1D1604FF00F4ABA0 /* Sources */,
				CAEAA64B1D1604FF00F4ABA0 /* Frameworks */,
				CAEAA64C1D1604FF00F4ABA0 /* CopyFiles */,
			);
			buildRules = (
			);
			dependencies = (
			);
			name = vegas;
			productName = vegas;
			productReference = CAEAA64E1D1604FF00F4ABA0 /* vegas */;
			productType = "com.apple.product-type.tool";
		};
/* End PBXNativeTarget section */

/* Begin PBXProject section */
		CAEAA6461D1604FF00F4ABA0 /* Project object */ = {
			isa = PBXProject;
			attributes = {
				LastUpgradeCheck = 0730;
				ORGANIZATIONNAME = "Lennart Oymanns";
				TargetAttributes = {
					CAEAA64D1D1604FF00F4ABA0 = {
						CreatedOnToolsVersion = 7.3.1;
					};
				};
			};
			buildConfigurationList = CAEAA6491D1604FF00F4ABA0 /* Build configuration list for PBXProject "vegas" */;
			compatibilityVersion = "Xcode 3.2";
			developmentRegion = English;
			hasScannedForEncodings = 0;
			knownRegions = (
				en,
			);
			mainGroup = CAEAA6451D1604FF00F4ABA0;
			productRefGroup = CAEAA64F1D1604FF00F4ABA0 /* Products */;
			projectDirPath = "";
			projectRoot = "";
			targets = (
				CAEAA64D1D1604FF00F4ABA0 /* vegas */,
			);
		};
/* End PBXProject section */

/* Begin PBXSourcesBuildPhase section */
		CAEAA64A1D1604FF00F4ABA0 /* Sources */ = {
			isa = PBXSourcesBuildPhase;
			buildActionMask = 2147483647;
			files = (
				CAEAA65A1D16054200F4ABA0 /* vegas.c in Sources */,
				CAEAA65D1D16DB9300F4ABA0 /* interface.i in Sources */,
				CAEAA6521D1604FF00F4ABA0 /* main.c in Sources */,
			);
			runOnlyForDeploymentPostprocessing = 0;
		};
/* End PBXSourcesBuildPhase section */

/* Begin XCBuildConfiguration section */
		CAEAA6531D1604FF00F4ABA0 /* Debug */ = {
			isa = XCBuildConfiguration;
			buildSettings = {
				ALWAYS_SEARCH_USER_PATHS = NO;
				CLANG_ANALYZER_NONNULL = YES;
				CLANG_CXX_LANGUAGE_STANDARD = "gnu++0x";
				CLANG_CXX_LIBRARY = "libc++";
				CLANG_ENABLE_MODULES = YES;
				CLANG_ENABLE_OBJC_ARC = YES;
				CLANG_WARN_BOOL_CONVERSION = YES;
				CLANG_WARN_CONSTANT_CONVERSION = YES;
				CLANG_WARN_DIRECT_OBJC_ISA_USAGE = YES_ERROR;
				CLANG_WARN_EMPTY_BODY = YES;
				CLANG_WARN_ENUM_CONVERSION = YES;
				CLANG_WARN_INT_CONVERSION = YES;
				CLANG_WARN_OBJC_ROOT_CLASS = YES_ERROR;
				CLANG_WARN_UNREACHABLE_CODE = YES;
				CLANG_WARN__DUPLICATE_METHOD_MATCH = YES;
				CODE_SIGN_IDENTITY = "-";
				COPY_PHASE_STRIP = NO;
				DEBUG_INFORMATION_FORMAT = dwarf;
				ENABLE_STRICT_OBJC_MSGSEND = YES;
				ENABLE_TESTABILITY = YES;
				GCC_C_LANGUAGE_STANDARD = gnu99;
				GCC_DYNAMIC_NO_PIC = NO;
				GCC_NO_COMMON_BLOCKS = YES;
				GCC_OPTIMIZATION_LEVEL = 0;
				GCC_PREPROCESSOR_DEFINITIONS = (
					"DEBUG=1",
					"$(inherited)",
				);
				GCC_WARN_64_TO_32_BIT_CONVERSION = YES;
				GCC_WARN_ABOUT_RETURN_TYPE = YES_ERROR;
				GCC_WARN_UNDECLARED_SELECTOR = YES;
				GCC_WARN_UNINITIALIZED_AUTOS = YES_AGGRESSIVE;
				GCC_WARN_UNUSED_FUNCTION = YES;
				GCC_WARN_UNUSED_VARIABLE = YES;
				MACOSX_DEPLOYMENT_TARGET = 10.11;
				MTL_ENABLE_DEBUG_INFO = YES;
				ONLY_ACTIVE_ARCH = YES;
				SDKROOT = macosx;
			};
			name = Debug;
		};
		CAEAA6541D1604FF00F4ABA0 /* Release */ = {
			isa = XCBuildConfiguration;
			buildSettings = {
				ALWAYS_SEARCH_USER_PATHS = NO;
				CLANG_ANALYZER_NONNULL = YES;
				CLANG_CXX_LANGUAGE_STANDARD = "gnu++0x";
				CLANG_CXX_LIBRARY = "libc++";
				CLANG_ENABLE_MODULES = YES;
				CLANG_ENABLE_OBJC_ARC = YES;
				CLANG_WARN_BOOL_CONVERSION = YES;
				CLANG_WARN_CONSTANT_CONVERSION = YES;
				CLANG_WARN_DIRECT_OBJC_ISA_USAGE = YES_ERROR;
				CLANG_WARN_EMPTY_BODY = YES;
				CLANG_WARN_ENUM_CONVERSION = YES;
				CLANG_WARN_INT_CONVERSION = YES;
				CLANG_WARN_OBJC_ROOT_CLASS = YES_ERROR;
				CLANG_WARN_UNREACHABLE_CODE = YES;
				CLANG_WARN__DUPLICATE_METHOD_MATCH = YES;
				CODE_SIGN_IDENTITY = "-";
				COPY_PHASE_STRIP = NO;
				DEBUG_INFORMATION_FORMAT = "dwarf-with-dsym";
				ENABLE_NS_ASSERTIONS = NO;
				ENABLE_STRICT_OBJC_MSGSEND = YES;
				GCC_C_LANGUAGE_STANDARD = gnu99;
				GCC_NO_COMMON_BLOCKS = YES;
				GCC_WARN_64_TO_32_BIT_CONVERSION = YES;
				GCC_WARN_ABOUT_RETURN_TYPE = YES_ERROR;
				GCC_WARN_UNDECLARED_SELECTOR = YES;
				GCC_WARN_UNINITIALIZED_AUTOS = YES_AGGRESSIVE;
				GCC_WARN_UNUSED_FUNCTION = YES;
				GCC_WARN_UNUSED_VARIABLE = YES;
				MACOSX_DEPLOYMENT_TARGET = 10.11;
				MTL_ENABLE_DEBUG_INFO = NO;
				SDKROOT = macosx;
			};
			name = Release;
		};
		CAEAA6561D1604FF00F4ABA0 /* Debug */ = {
			isa = XCBuildConfiguration;
			buildSettings = {
				PRODUCT_NAME = "$(TARGET_NAME)";
			};
			name = Debug;
		};
		CAEAA6571D1604FF00F4ABA0 /* Release */ = {
			isa = XCBuildConfiguration;
			buildSettings = {
				PRODUCT_NAME = "$(TARGET_NAME)";
			};
			name = Release;
		};
/* End XCBuildConfiguration section */

/* Begin XCConfigurationList section */
		CAEAA6491D1604FF00F4ABA0 /* Build configuration list for PBXProject "vegas" */ = {
			isa = XCConfigurationList;
			buildConfigurations = (
				CAEAA6531D1604FF00F4ABA0 /* Debug */,
				CAEAA6541D1604FF00F4ABA0 /* Release */,
			);
			defaultConfigurationIsVisible = 0;
			defaultConfigurationName = Release;
		};
		CAEAA6551D1604FF00F4ABA0 /* Build configuration list for PBXNativeTarget "vegas" */ = {
			isa = XCConfigurationList;
			buildConfigurations = (
				CAEAA6561D1604FF00F4ABA0 /* Debug */,
				CAEAA6571D1604FF00F4ABA0 /* Release */,
			);
			defaultConfigurationIsVisible = 0;
		};
/* End XCConfigurationList section */
	};
	rootObject = CAEAA6461D1604FF00F4ABA0 /* Project object */;
}
